// !$*UTF8*$!
{
	archiveVersion = 1;
	classes = {
	};
	objectVersion = 46;
	objects = {

/* Begin PBXBuildFile section */
		708283C61DF1A97000B6A33F /* AppDelegate.swift in Sources */ = {isa = PBXBuildFile; fileRef = 708283C51DF1A97000B6A33F /* AppDelegate.swift */; };
		708283CB1DF1A97000B6A33F /* Main.storyboard in Resources */ = {isa = PBXBuildFile; fileRef = 708283C91DF1A97000B6A33F /* Main.storyboard */; };
		708283CD1DF1A97000B6A33F /* Assets.xcassets in Resources */ = {isa = PBXBuildFile; fileRef = 708283CC1DF1A97000B6A33F /* Assets.xcassets */; };
		708283D01DF1A97000B6A33F /* LaunchScreen.storyboard in Resources */ = {isa = PBXBuildFile; fileRef = 708283CE1DF1A97000B6A33F /* LaunchScreen.storyboard */; };
		B37944931DF1B3A600BB0F08 /* StartViewController.swift in Sources */ = {isa = PBXBuildFile; fileRef = B37944921DF1B3A600BB0F08 /* StartViewController.swift */; };
/* End PBXBuildFile section */

/* Begin PBXFileReference section */
		708283C21DF1A97000B6A33F /* shoppoloco.app */ = {isa = PBXFileReference; explicitFileType = wrapper.application; includeInIndex = 0; path = shoppoloco.app; sourceTree = BUILT_PRODUCTS_DIR; };
		708283C51DF1A97000B6A33F /* AppDelegate.swift */ = {isa = PBXFileReference; lastKnownFileType = sourcecode.swift; path = AppDelegate.swift; sourceTree = "<group>"; };
		708283CA1DF1A97000B6A33F /* Base */ = {isa = PBXFileReference; lastKnownFileType = file.storyboard; name = Base; path = Base.lproj/Main.storyboard; sourceTree = "<group>"; };
		708283CC1DF1A97000B6A33F /* Assets.xcassets */ = {isa = PBXFileReference; lastKnownFileType = folder.assetcatalog; path = Assets.xcassets; sourceTree = "<group>"; };
		708283CF1DF1A97000B6A33F /* Base */ = {isa = PBXFileReference; lastKnownFileType = file.storyboard; name = Base; path = Base.lproj/LaunchScreen.storyboard; sourceTree = "<group>"; };
		708283D11DF1A97000B6A33F /* Info.plist */ = {isa = PBXFileReference; lastKnownFileType = text.plist.xml; path = Info.plist; sourceTree = "<group>"; };
		B37944921DF1B3A600BB0F08 /* StartViewController.swift */ = {isa = PBXFileReference; fileEncoding = 4; lastKnownFileType = sourcecode.swift; path = StartViewController.swift; sourceTree = "<group>"; };
/* End PBXFileReference section */

/* Begin PBXFrameworksBuildPhase section */
		708283BF1DF1A97000B6A33F /* Frameworks */ = {
			isa = PBXFrameworksBuildPhase;
			buildActionMask = 2147483647;
			files = (
			);
			runOnlyForDeploymentPostprocessing = 0;
		};
/* End PBXFrameworksBuildPhase section */

/* Begin PBXGroup section */
		708283B91DF1A97000B6A33F = {
			isa = PBXGroup;
			children = (
				708283C41DF1A97000B6A33F /* shoppoloco */,
				708283C31DF1A97000B6A33F /* Products */,
			);
			sourceTree = "<group>";
		};
		708283C31DF1A97000B6A33F /* Products */ = {
			isa = PBXGroup;
			children = (
				708283C21DF1A97000B6A33F /* shoppoloco.app */,
			);
			name = Products;
			sourceTree = "<group>";
		};
		708283C41DF1A97000B6A33F /* shoppoloco */ = {
			isa = PBXGroup;
			children = (
				708283C51DF1A97000B6A33F /* AppDelegate.swift */,
				708283C91DF1A97000B6A33F /* Main.storyboard */,
				708283CC1DF1A97000B6A33F /* Assets.xcassets */,
				708283CE1DF1A97000B6A33F /* LaunchScreen.storyboard */,
				708283D11DF1A97000B6A33F /* Info.plist */,
				B37944921DF1B3A600BB0F08 /* StartViewController.swift */,
			);
			path = shoppoloco;
			sourceTree = "<group>";
		};
/* End PBXGroup section */

/* Begin PBXNativeTarget section */
		708283C11DF1A97000B6A33F /* shoppoloco */ = {
			isa = PBXNativeTarget;
			buildConfigurationList = 708283D41DF1A97000B6A33F /* Build configuration list for PBXNativeTarget "shoppoloco" */;
			buildPhases = (
				708283BE1DF1A97000B6A33F /* Sources */,
				708283BF1DF1A97000B6A33F /* Frameworks */,
				708283C01DF1A97000B6A33F /* Resources */,
			);
			buildRules = (
			);
			dependencies = (
			);
			name = shoppoloco;
			productName = shoppoloco;
			productReference = 708283C21DF1A97000B6A33F /* shoppoloco.app */;
			productType = "com.apple.product-type.application";
		};
/* End PBXNativeTarget section */

/* Begin PBXProject section */
		708283BA1DF1A97000B6A33F /* Project object */ = {
			isa = PBXProject;
			attributes = {
				LastSwiftUpdateCheck = 0730;
				LastUpgradeCheck = 0810;
				ORGANIZATIONNAME = smadeleine;
				TargetAttributes = {
					708283C11DF1A97000B6A33F = {
						CreatedOnToolsVersion = 7.3.1;
						DevelopmentTeam = HM7KKE49Y2;
					};
				};
			};
			buildConfigurationList = 708283BD1DF1A97000B6A33F /* Build configuration list for PBXProject "shoppoloco" */;
			compatibilityVersion = "Xcode 3.2";
			developmentRegion = English;
			hasScannedForEncodings = 0;
			knownRegions = (
				en,
				Base,
			);
			mainGroup = 708283B91DF1A97000B6A33F;
			productRefGroup = 708283C31DF1A97000B6A33F /* Products */;
			projectDirPath = "";
			projectRoot = "";
			targets = (
				708283C11DF1A97000B6A33F /* shoppoloco */,
			);
		};
/* End PBXProject section */

/* Begin PBXResourcesBuildPhase section */
		708283C01DF1A97000B6A33F /* Resources */ = {
			isa = PBXResourcesBuildPhase;
			buildActionMask = 2147483647;
			files = (
				708283D01DF1A97000B6A33F /* LaunchScreen.storyboard in Resources */,
				708283CD1DF1A97000B6A33F /* Assets.xcassets in Resources */,
				708283CB1DF1A97000B6A33F /* Main.storyboard in Resources */,
			);
			runOnlyForDeploymentPostprocessing = 0;
		};
/* End PBXResourcesBuildPhase section */

/* Begin PBXSourcesBuildPhase section */
		708283BE1DF1A97000B6A33F /* Sources */ = {
			isa = PBXSourcesBuildPhase;
			buildActionMask = 2147483647;
			files = (
				708283C61DF1A97000B6A33F /* AppDelegate.swift in Sources */,
				B37944931DF1B3A600BB0F08 /* StartViewController.swift in Sources */,
			);
			runOnlyForDeploymentPostprocessing = 0;
		};
/* End PBXSourcesBuildPhase section */

/* Begin PBXVariantGroup section */
		708283C91DF1A97000B6A33F /* Main.storyboard */ = {
			isa = PBXVariantGroup;
			children = (
				708283CA1DF1A97000B6A33F /* Base */,
			);
			name = Main.storyboard;
			sourceTree = "<group>";
		};
		708283CE1DF1A97000B6A33F /* LaunchScreen.storyboard */ = {
			isa = PBXVariantGroup;
			children = (
				708283CF1DF1A97000B6A33F /* Base */,
			);
			name = LaunchScreen.storyboard;
			sourceTree = "<group>";
		};
/* End PBXVariantGroup section */

/* Begin XCBuildConfiguration section */
		708283D21DF1A97000B6A33F /* Debug */ = {
			isa = XCBuildConfiguration;
			buildSettings = {
				ALWAYS_SEARCH_USER_PATHS = NO;
				CLANG_ANALYZER_NONNULL = YES;
				CLANG_CXX_LANGUAGE_STANDARD = "gnu++0x";
				CLANG_CXX_LIBRARY = "libc++";
				CLANG_ENABLE_MODULES = YES;
				CLANG_ENABLE_OBJC_ARC = YES;
				CLANG_WARN_BOOL_CONVERSION = YES;
				CLANG_WARN_CONSTANT_CONVERSION = YES;
				CLANG_WARN_DIRECT_OBJC_ISA_USAGE = YES_ERROR;
				CLANG_WARN_EMPTY_BODY = YES;
				CLANG_WARN_ENUM_CONVERSION = YES;
				CLANG_WARN_INT_CONVERSION = YES;
				CLANG_WARN_OBJC_ROOT_CLASS = YES_ERROR;
				CLANG_WARN_UNREACHABLE_CODE = YES;
				CLANG_WARN__DUPLICATE_METHOD_MATCH = YES;
				"CODE_SIGN_IDENTITY[sdk=iphoneos*]" = "iPhone Developer";
				COPY_PHASE_STRIP = NO;
				DEBUG_INFORMATION_FORMAT = dwarf;
				ENABLE_STRICT_OBJC_MSGSEND = YES;
				ENABLE_TESTABILITY = YES;
				GCC_C_LANGUAGE_STANDARD = gnu99;
				GCC_DYNAMIC_NO_PIC = NO;
				GCC_NO_COMMON_BLOCKS = YES;
				GCC_OPTIMIZATION_LEVEL = 0;
				GCC_PREPROCESSOR_DEFINITIONS = (
					"DEBUG=1",
					"$(inherited)",
				);
				GCC_WARN_64_TO_32_BIT_CONVERSION = YES;
				GCC_WARN_ABOUT_RETURN_TYPE = YES_ERROR;
				GCC_WARN_UNDECLARED_SELECTOR = YES;
				GCC_WARN_UNINITIALIZED_AUTOS = YES_AGGRESSIVE;
				GCC_WARN_UNUSED_FUNCTION = YES;
				GCC_WARN_UNUSED_VARIABLE = YES;
				IPHONEOS_DEPLOYMENT_TARGET = 9.3;
				MTL_ENABLE_DEBUG_INFO = YES;
				ONLY_ACTIVE_ARCH = YES;
				SDKROOT = iphoneos;
				SWIFT_OPTIMIZATION_LEVEL = "-Onone";
				TARGETED_DEVICE_FAMILY = "1,2";
			};
			name = Debug;
		};
		708283D31DF1A97000B6A33F /* Release */ = {
			isa = XCBuildConfiguration;
			buildSettings = {
				ALWAYS_SEARCH_USER_PATHS = NO;
				CLANG_ANALYZER_NONNULL = YES;
				CLANG_CXX_LANGUAGE_STANDARD = "gnu++0x";
				CLANG_CXX_LIBRARY = "libc++";
				CLANG_ENABLE_MODULES = YES;
				CLANG_ENABLE_OBJC_ARC = YES;
				CLANG_WARN_BOOL_CONVERSION = YES;
				CLANG_WARN_CONSTANT_CONVERSION = YES;
				CLANG_WARN_DIRECT_OBJC_ISA_USAGE = YES_ERROR;
				CLANG_WARN_EMPTY_BODY = YES;
				CLANG_WARN_ENUM_CONVERSION = YES;
				CLANG_WARN_INT_CONVERSION = YES;
				CLANG_WARN_OBJC_ROOT_CLASS = YES_ERROR;
				CLANG_WARN_UNREACHABLE_CODE = YES;
				CLANG_WARN__DUPLICATE_METHOD_MATCH = YES;
				"CODE_SIGN_IDENTITY[sdk=iphoneos*]" = "iPhone Developer";
				COPY_PHASE_STRIP = NO;
				DEBUG_INFORMATION_FORMAT = "dwarf-with-dsym";
				ENABLE_NS_ASSERTIONS = NO;
				ENABLE_STRICT_OBJC_MSGSEND = YES;
				GCC_C_LANGUAGE_STANDARD = gnu99;
				GCC_NO_COMMON_BLOCKS = YES;
				GCC_WARN_64_TO_32_BIT_CONVERSION = YES;
				GCC_WARN_ABOUT_RETURN_TYPE = YES_ERROR;
				GCC_WARN_UNDECLARED_SELECTOR = YES;
				GCC_WARN_UNINITIALIZED_AUTOS = YES_AGGRESSIVE;
				GCC_WARN_UNUSED_FUNCTION = YES;
				GCC_WARN_UNUSED_VARIABLE = YES;
				IPHONEOS_DEPLOYMENT_TARGET = 9.3;
				MTL_ENABLE_DEBUG_INFO = NO;
				SDKROOT = iphoneos;
				TARGETED_DEVICE_FAMILY = "1,2";
				VALIDATE_PRODUCT = YES;
			};
			name = Release;
		};
		708283D51DF1A97000B6A33F /* Debug */ = {
			isa = XCBuildConfiguration;
			buildSettings = {
				ASSETCATALOG_COMPILER_APPICON_NAME = AppIcon;
				CODE_SIGN_IDENTITY = "iPhone Developer";
				INFOPLIST_FILE = shoppoloco/Info.plist;
				LD_RUNPATH_SEARCH_PATHS = "$(inherited) @executable_path/Frameworks";
				PRODUCT_BUNDLE_IDENTIFIER = wwwme.shoppoloco;
				PRODUCT_NAME = "$(TARGET_NAME)";
				SWIFT_VERSION = 2.3;
			};
			name = Debug;
		};
		708283D61DF1A97000B6A33F /* Release */ = {
			isa = XCBuildConfiguration;
			buildSettings = {
				ASSETCATALOG_COMPILER_APPICON_NAME = AppIcon;
				CODE_SIGN_IDENTITY = "iPhone Developer";
				INFOPLIST_FILE = shoppoloco/Info.plist;
				LD_RUNPATH_SEARCH_PATHS = "$(inherited) @executable_path/Frameworks";
				PRODUCT_BUNDLE_IDENTIFIER = wwwme.shoppoloco;
				PRODUCT_NAME = "$(TARGET_NAME)";
				SWIFT_VERSION = 2.3;
			};
			name = Release;
		};
/* End XCBuildConfiguration section */

/* Begin XCConfigurationList section */
		708283BD1DF1A97000B6A33F /* Build configuration list for PBXProject "shoppoloco" */ = {
			isa = XCConfigurationList;
			buildConfigurations = (
				708283D21DF1A97000B6A33F /* Debug */,
				708283D31DF1A97000B6A33F /* Release */,
			);
			defaultConfigurationIsVisible = 0;
			defaultConfigurationName = Release;
		};
		708283D41DF1A97000B6A33F /* Build configuration list for PBXNativeTarget "shoppoloco" */ = {
			isa = XCConfigurationList;
			buildConfigurations = (
				708283D51DF1A97000B6A33F /* Debug */,
				708283D61DF1A97000B6A33F /* Release */,
			);
			defaultConfigurationIsVisible = 0;
			defaultConfigurationName = Release;
		};
/* End XCConfigurationList section */
	};
	rootObject = 708283BA1DF1A97000B6A33F /* Project object */;
}
