// !$*UTF8*$!
{
	archiveVersion = 1;
	classes = {
	};
	objectVersion = 46;
	objects = {

/* Begin PBXBuildFile section */
		B37944811DF1A22E00BB0F08 /* AppDelegate.swift in Sources */ = {isa = PBXBuildFile; fileRef = B37944801DF1A22E00BB0F08 /* AppDelegate.swift */; };
		B37944831DF1A22E00BB0F08 /* ViewController.swift in Sources */ = {isa = PBXBuildFile; fileRef = B37944821DF1A22E00BB0F08 /* ViewController.swift */; };
		B37944861DF1A22E00BB0F08 /* Main.storyboard in Resources */ = {isa = PBXBuildFile; fileRef = B37944841DF1A22E00BB0F08 /* Main.storyboard */; };
		B37944881DF1A22E00BB0F08 /* Assets.xcassets in Resources */ = {isa = PBXBuildFile; fileRef = B37944871DF1A22E00BB0F08 /* Assets.xcassets */; };
		B379448B1DF1A22E00BB0F08 /* LaunchScreen.storyboard in Resources */ = {isa = PBXBuildFile; fileRef = B37944891DF1A22E00BB0F08 /* LaunchScreen.storyboard */; };
/* End PBXBuildFile section */

/* Begin PBXFileReference section */
		B379447D1DF1A22E00BB0F08 /* shoppoloco.app */ = {isa = PBXFileReference; explicitFileType = wrapper.application; includeInIndex = 0; path = shoppoloco.app; sourceTree = BUILT_PRODUCTS_DIR; };
		B37944801DF1A22E00BB0F08 /* AppDelegate.swift */ = {isa = PBXFileReference; lastKnownFileType = sourcecode.swift; path = AppDelegate.swift; sourceTree = "<group>"; };
		B37944821DF1A22E00BB0F08 /* ViewController.swift */ = {isa = PBXFileReference; lastKnownFileType = sourcecode.swift; path = ViewController.swift; sourceTree = "<group>"; };
		B37944851DF1A22E00BB0F08 /* Base */ = {isa = PBXFileReference; lastKnownFileType = file.storyboard; name = Base; path = Base.lproj/Main.storyboard; sourceTree = "<group>"; };
		B37944871DF1A22E00BB0F08 /* Assets.xcassets */ = {isa = PBXFileReference; lastKnownFileType = folder.assetcatalog; path = Assets.xcassets; sourceTree = "<group>"; };
		B379448A1DF1A22E00BB0F08 /* Base */ = {isa = PBXFileReference; lastKnownFileType = file.storyboard; name = Base; path = Base.lproj/LaunchScreen.storyboard; sourceTree = "<group>"; };
		B379448C1DF1A22E00BB0F08 /* Info.plist */ = {isa = PBXFileReference; lastKnownFileType = text.plist.xml; path = Info.plist; sourceTree = "<group>"; };
/* End PBXFileReference section */

/* Begin PBXFrameworksBuildPhase section */
		B379447A1DF1A22D00BB0F08 /* Frameworks */ = {
			isa = PBXFrameworksBuildPhase;
			buildActionMask = 2147483647;
			files = (
			);
			runOnlyForDeploymentPostprocessing = 0;
		};
/* End PBXFrameworksBuildPhase section */

/* Begin PBXGroup section */
		B37944741DF1A22D00BB0F08 = {
			isa = PBXGroup;
			children = (
				B379447F1DF1A22E00BB0F08 /* shoppoloco */,
				B379447E1DF1A22E00BB0F08 /* Products */,
			);
			sourceTree = "<group>";
		};
		B379447E1DF1A22E00BB0F08 /* Products */ = {
			isa = PBXGroup;
			children = (
				B379447D1DF1A22E00BB0F08 /* shoppoloco.app */,
			);
			name = Products;
			sourceTree = "<group>";
		};
		B379447F1DF1A22E00BB0F08 /* shoppoloco */ = {
			isa = PBXGroup;
			children = (
				B37944801DF1A22E00BB0F08 /* AppDelegate.swift */,
				B37944821DF1A22E00BB0F08 /* ViewController.swift */,
				B37944841DF1A22E00BB0F08 /* Main.storyboard */,
				B37944871DF1A22E00BB0F08 /* Assets.xcassets */,
				B37944891DF1A22E00BB0F08 /* LaunchScreen.storyboard */,
				B379448C1DF1A22E00BB0F08 /* Info.plist */,
			);
			path = shoppoloco;
			sourceTree = "<group>";
		};
/* End PBXGroup section */

/* Begin PBXNativeTarget section */
		B379447C1DF1A22D00BB0F08 /* shoppoloco */ = {
			isa = PBXNativeTarget;
			buildConfigurationList = B379448F1DF1A22E00BB0F08 /* Build configuration list for PBXNativeTarget "shoppoloco" */;
			buildPhases = (
				B37944791DF1A22D00BB0F08 /* Sources */,
				B379447A1DF1A22D00BB0F08 /* Frameworks */,
				B379447B1DF1A22D00BB0F08 /* Resources */,
			);
			buildRules = (
			);
			dependencies = (
			);
			name = shoppoloco;
			productName = shoppoloco;
			productReference = B379447D1DF1A22E00BB0F08 /* shoppoloco.app */;
			productType = "com.apple.product-type.application";
		};
/* End PBXNativeTarget section */

/* Begin PBXProject section */
		B37944751DF1A22D00BB0F08 /* Project object */ = {
			isa = PBXProject;
			attributes = {
				LastSwiftUpdateCheck = 0810;
				LastUpgradeCheck = 0810;
				ORGANIZATIONNAME = "Benjamin Plank";
				TargetAttributes = {
					B379447C1DF1A22D00BB0F08 = {
						CreatedOnToolsVersion = 8.1;
						ProvisioningStyle = Automatic;
					};
				};
			};
			buildConfigurationList = B37944781DF1A22D00BB0F08 /* Build configuration list for PBXProject "shoppoloco" */;
			compatibilityVersion = "Xcode 3.2";
			developmentRegion = English;
			hasScannedForEncodings = 0;
			knownRegions = (
				en,
				Base,
			);
			mainGroup = B37944741DF1A22D00BB0F08;
			productRefGroup = B379447E1DF1A22E00BB0F08 /* Products */;
			projectDirPath = "";
			projectRoot = "";
			targets = (
				B379447C1DF1A22D00BB0F08 /* shoppoloco */,
			);
		};
/* End PBXProject section */

/* Begin PBXResourcesBuildPhase section */
		B379447B1DF1A22D00BB0F08 /* Resources */ = {
			isa = PBXResourcesBuildPhase;
			buildActionMask = 2147483647;
			files = (
				B379448B1DF1A22E00BB0F08 /* LaunchScreen.storyboard in Resources */,
				B37944881DF1A22E00BB0F08 /* Assets.xcassets in Resources */,
				B37944861DF1A22E00BB0F08 /* Main.storyboard in Resources */,
			);
			runOnlyForDeploymentPostprocessing = 0;
		};
/* End PBXResourcesBuildPhase section */

/* Begin PBXSourcesBuildPhase section */
		B37944791DF1A22D00BB0F08 /* Sources */ = {
			isa = PBXSourcesBuildPhase;
			buildActionMask = 2147483647;
			files = (
				B37944831DF1A22E00BB0F08 /* ViewController.swift in Sources */,
				B37944811DF1A22E00BB0F08 /* AppDelegate.swift in Sources */,
			);
			runOnlyForDeploymentPostprocessing = 0;
		};
/* End PBXSourcesBuildPhase section */

/* Begin PBXVariantGroup section */
		B37944841DF1A22E00BB0F08 /* Main.storyboard */ = {
			isa = PBXVariantGroup;
			children = (
				B37944851DF1A22E00BB0F08 /* Base */,
			);
			name = Main.storyboard;
			sourceTree = "<group>";
		};
		B37944891DF1A22E00BB0F08 /* LaunchScreen.storyboard */ = {
			isa = PBXVariantGroup;
			children = (
				B379448A1DF1A22E00BB0F08 /* Base */,
			);
			name = LaunchScreen.storyboard;
			sourceTree = "<group>";
		};
/* End PBXVariantGroup section */

/* Begin XCBuildConfiguration section */
		B379448D1DF1A22E00BB0F08 /* Debug */ = {
			isa = XCBuildConfiguration;
			buildSettings = {
				ALWAYS_SEARCH_USER_PATHS = NO;
				CLANG_ANALYZER_NONNULL = YES;
				CLANG_CXX_LANGUAGE_STANDARD = "gnu++0x";
				CLANG_CXX_LIBRARY = "libc++";
				CLANG_ENABLE_MODULES = YES;
				CLANG_ENABLE_OBJC_ARC = YES;
				CLANG_WARN_BOOL_CONVERSION = YES;
				CLANG_WARN_CONSTANT_CONVERSION = YES;
				CLANG_WARN_DIRECT_OBJC_ISA_USAGE = YES_ERROR;
				CLANG_WARN_DOCUMENTATION_COMMENTS = YES;
				CLANG_WARN_EMPTY_BODY = YES;
				CLANG_WARN_ENUM_CONVERSION = YES;
				CLANG_WARN_INFINITE_RECURSION = YES;
				CLANG_WARN_INT_CONVERSION = YES;
				CLANG_WARN_OBJC_ROOT_CLASS = YES_ERROR;
				CLANG_WARN_SUSPICIOUS_MOVES = YES;
				CLANG_WARN_UNREACHABLE_CODE = YES;
				CLANG_WARN__DUPLICATE_METHOD_MATCH = YES;
				"CODE_SIGN_IDENTITY[sdk=iphoneos*]" = "iPhone Developer";
				COPY_PHASE_STRIP = NO;
				DEBUG_INFORMATION_FORMAT = dwarf;
				ENABLE_STRICT_OBJC_MSGSEND = YES;
				ENABLE_TESTABILITY = YES;
				GCC_C_LANGUAGE_STANDARD = gnu99;
				GCC_DYNAMIC_NO_PIC = NO;
				GCC_NO_COMMON_BLOCKS = YES;
				GCC_OPTIMIZATION_LEVEL = 0;
				GCC_PREPROCESSOR_DEFINITIONS = (
					"DEBUG=1",
					"$(inherited)",
				);
				GCC_WARN_64_TO_32_BIT_CONVERSION = YES;
				GCC_WARN_ABOUT_RETURN_TYPE = YES_ERROR;
				GCC_WARN_UNDECLARED_SELECTOR = YES;
				GCC_WARN_UNINITIALIZED_AUTOS = YES_AGGRESSIVE;
				GCC_WARN_UNUSED_FUNCTION = YES;
				GCC_WARN_UNUSED_VARIABLE = YES;
				IPHONEOS_DEPLOYMENT_TARGET = 10.1;
				MTL_ENABLE_DEBUG_INFO = YES;
				ONLY_ACTIVE_ARCH = YES;
				SDKROOT = iphoneos;
				SWIFT_ACTIVE_COMPILATION_CONDITIONS = DEBUG;
				SWIFT_OPTIMIZATION_LEVEL = "-Onone";
				TARGETED_DEVICE_FAMILY = "1,2";
			};
			name = Debug;
		};
		B379448E1DF1A22E00BB0F08 /* Release */ = {
			isa = XCBuildConfiguration;
			buildSettings = {
				ALWAYS_SEARCH_USER_PATHS = NO;
				CLANG_ANALYZER_NONNULL = YES;
				CLANG_CXX_LANGUAGE_STANDARD = "gnu++0x";
				CLANG_CXX_LIBRARY = "libc++";
				CLANG_ENABLE_MODULES = YES;
				CLANG_ENABLE_OBJC_ARC = YES;
				CLANG_WARN_BOOL_CONVERSION = YES;
				CLANG_WARN_CONSTANT_CONVERSION = YES;
				CLANG_WARN_DIRECT_OBJC_ISA_USAGE = YES_ERROR;
				CLANG_WARN_DOCUMENTATION_COMMENTS = YES;
				CLANG_WARN_EMPTY_BODY = YES;
				CLANG_WARN_ENUM_CONVERSION = YES;
				CLANG_WARN_INFINITE_RECURSION = YES;
				CLANG_WARN_INT_CONVERSION = YES;
				CLANG_WARN_OBJC_ROOT_CLASS = YES_ERROR;
				CLANG_WARN_SUSPICIOUS_MOVES = YES;
				CLANG_WARN_UNREACHABLE_CODE = YES;
				CLANG_WARN__DUPLICATE_METHOD_MATCH = YES;
				"CODE_SIGN_IDENTITY[sdk=iphoneos*]" = "iPhone Developer";
				COPY_PHASE_STRIP = NO;
				DEBUG_INFORMATION_FORMAT = "dwarf-with-dsym";
				ENABLE_NS_ASSERTIONS = NO;
				ENABLE_STRICT_OBJC_MSGSEND = YES;
				GCC_C_LANGUAGE_STANDARD = gnu99;
				GCC_NO_COMMON_BLOCKS = YES;
				GCC_WARN_64_TO_32_BIT_CONVERSION = YES;
				GCC_WARN_ABOUT_RETURN_TYPE = YES_ERROR;
				GCC_WARN_UNDECLARED_SELECTOR = YES;
				GCC_WARN_UNINITIALIZED_AUTOS = YES_AGGRESSIVE;
				GCC_WARN_UNUSED_FUNCTION = YES;
				GCC_WARN_UNUSED_VARIABLE = YES;
				IPHONEOS_DEPLOYMENT_TARGET = 10.1;
				MTL_ENABLE_DEBUG_INFO = NO;
				SDKROOT = iphoneos;
				SWIFT_OPTIMIZATION_LEVEL = "-Owholemodule";
				TARGETED_DEVICE_FAMILY = "1,2";
				VALIDATE_PRODUCT = YES;
			};
			name = Release;
		};
		B37944901DF1A22E00BB0F08 /* Debug */ = {
			isa = XCBuildConfiguration;
			buildSettings = {
				ASSETCATALOG_COMPILER_APPICON_NAME = AppIcon;
				INFOPLIST_FILE = shoppoloco/Info.plist;
				LD_RUNPATH_SEARCH_PATHS = "$(inherited) @executable_path/Frameworks";
				PRODUCT_BUNDLE_IDENTIFIER = benscha.shoppoloco;
				PRODUCT_NAME = "$(TARGET_NAME)";
				SWIFT_VERSION = 3.0;
			};
			name = Debug;
		};
		B37944911DF1A22E00BB0F08 /* Release */ = {
			isa = XCBuildConfiguration;
			buildSettings = {
				ASSETCATALOG_COMPILER_APPICON_NAME = AppIcon;
				INFOPLIST_FILE = shoppoloco/Info.plist;
				LD_RUNPATH_SEARCH_PATHS = "$(inherited) @executable_path/Frameworks";
				PRODUCT_BUNDLE_IDENTIFIER = benscha.shoppoloco;
				PRODUCT_NAME = "$(TARGET_NAME)";
				SWIFT_VERSION = 3.0;
			};
			name = Release;
		};
/* End XCBuildConfiguration section */

/* Begin XCConfigurationList section */
		B37944781DF1A22D00BB0F08 /* Build configuration list for PBXProject "shoppoloco" */ = {
			isa = XCConfigurationList;
			buildConfigurations = (
				B379448D1DF1A22E00BB0F08 /* Debug */,
				B379448E1DF1A22E00BB0F08 /* Release */,
			);
			defaultConfigurationIsVisible = 0;
			defaultConfigurationName = Release;
		};
		B379448F1DF1A22E00BB0F08 /* Build configuration list for PBXNativeTarget "shoppoloco" */ = {
			isa = XCConfigurationList;
			buildConfigurations = (
				B37944901DF1A22E00BB0F08 /* Debug */,
				B37944911DF1A22E00BB0F08 /* Release */,
			);
			defaultConfigurationIsVisible = 0;
		};
/* End XCConfigurationList section */
	};
	rootObject = B37944751DF1A22D00BB0F08 /* Project object */;
}
